// !$*UTF8*$!
{
	archiveVersion = 1;
	classes = {
	};
	objectVersion = 46;
	objects = {

/* Begin PBXBuildFile section */
		6E9A42F92210F0702C31D4F2 /* libPods-sdk.a in Frameworks */ = {isa = PBXBuildFile; fileRef = A0BD2260CD0EE1FB0E488C44 /* libPods-sdk.a */; };
		8A9909191D890E820096A7FA /* sdk.framework in Frameworks */ = {isa = PBXBuildFile; fileRef = 8A99090E1D890E820096A7FA /* sdk.framework */; };
		8A99091E1D890E820096A7FA /* TKMemberRegistrationTests.m in Sources */ = {isa = PBXBuildFile; fileRef = 8A99091D1D890E820096A7FA /* TKMemberRegistrationTests.m */; };
		8E68CF1C41BC4A064EBAB707 /* libPods-sdkTests.a in Frameworks */ = {isa = PBXBuildFile; fileRef = 0867CB9D057EBAA4E9BE6791 /* libPods-sdkTests.a */; };
		ABA7B0303C146231D78BE96C /* seed.c in Sources */ = {isa = PBXBuildFile; fileRef = ABA7BC2013ED8025D15A3E18 /* seed.c */; };
		ABA7B100F91D557B0FCF8F28 /* fe.c in Sources */ = {isa = PBXBuildFile; fileRef = ABA7BB41B15B9C824D04376C /* fe.c */; };
		ABA7B103B5929B86EF4C8689 /* license.txt in Resources */ = {isa = PBXBuildFile; fileRef = ABA7BDE5D0F88461A97DCA5A /* license.txt */; };
		ABA7B1621EE5B60FF933B3BD /* TKBankClient.h in Headers */ = {isa = PBXBuildFile; fileRef = ABA7B0A4EFC8BE48B74908A0 /* TKBankClient.h */; };
		ABA7B164177B8BB039D61458 /* keypair.c in Sources */ = {isa = PBXBuildFile; fileRef = ABA7B0F24C0DAA30675877A4 /* keypair.c */; };
		ABA7B1759A41D7570F394BDA /* TKSecretKey.m in Sources */ = {isa = PBXBuildFile; fileRef = ABA7B8DE03F950AD6FDF5743 /* TKSecretKey.m */; };
		ABA7B17B4D029AB93711EE58 /* ed25519.h in Headers */ = {isa = PBXBuildFile; fileRef = ABA7B1A3E2263090B97A6BCD /* ed25519.h */; };
		ABA7B290C97F9D6136CA9D55 /* TKTestBase.h in Headers */ = {isa = PBXBuildFile; fileRef = ABA7B30F0E5668621466B95A /* TKTestBase.h */; };
		ABA7B2B006484A1B045E42DB /* TokenIOBuilder.m in Sources */ = {isa = PBXBuildFile; fileRef = ABA7BC8DA7F5DC3A1EEC68D7 /* TokenIOBuilder.m */; };
		ABA7B2CE9549E2939698431C /* TKUnauthenticatedClient.m in Sources */ = {isa = PBXBuildFile; fileRef = ABA7BC48C9A115AEEC7143CA /* TKUnauthenticatedClient.m */; };
		ABA7B2E2271AD00719ECDA53 /* TKUnauthenticatedClient.h in Headers */ = {isa = PBXBuildFile; fileRef = ABA7B6D8EA5337CAD7ECE322 /* TKUnauthenticatedClient.h */; };
		ABA7B31148B04774C33BF931 /* fixedint.h in Headers */ = {isa = PBXBuildFile; fileRef = ABA7BC1286CBA07E69B30D14 /* fixedint.h */; };
		ABA7B3247F83509D9AB5E5B5 /* TKMember.m in Sources */ = {isa = PBXBuildFile; fileRef = ABA7B3B3B7497B3EC3C6F2F7 /* TKMember.m */; };
		ABA7B38189FE91B2418918A2 /* TKRpcLog.h in Headers */ = {isa = PBXBuildFile; fileRef = ABA7BBCBD8380F94FCC8B8A4 /* TKRpcLog.h */; };
		ABA7B396AEB29286AB91C613 /* sc.h in Headers */ = {isa = PBXBuildFile; fileRef = ABA7BD5AE2B87B579AE072EB /* sc.h */; };
		ABA7B3CEB44D8A66CE4AA71B /* TKAccountsTests.m in Sources */ = {isa = PBXBuildFile; fileRef = ABA7BB049B4A62BA1298FB44 /* TKAccountsTests.m */; };
		ABA7B40904F1C32FD2F49C88 /* sign.c in Sources */ = {isa = PBXBuildFile; fileRef = ABA7B71635A1A13440B4B70D /* sign.c */; };
		ABA7B46027069D67CCC10553 /* TKRpcSyncCall.h in Headers */ = {isa = PBXBuildFile; fileRef = ABA7BAE86AFFD5A7950556E9 /* TKRpcSyncCall.h */; };
		ABA7B57D2B7432D496CE2A6D /* TokenIOBuilder.h in Headers */ = {isa = PBXBuildFile; fileRef = ABA7BB639412CC7CAEA9EE8D /* TokenIOBuilder.h */; };
		ABA7B5835408D6DD145BFCD0 /* TKClient.m in Sources */ = {isa = PBXBuildFile; fileRef = ABA7BAD71645256D1FA06F7D /* TKClient.m */; };
		ABA7B59E860E46C4B7EF7F58 /* TokenIO.m in Sources */ = {isa = PBXBuildFile; fileRef = ABA7BA2C7E715C76574378AB /* TokenIO.m */; };
		ABA7B5F5DCF3B29BB75B09E1 /* add_scalar.c in Sources */ = {isa = PBXBuildFile; fileRef = ABA7BF3C591D1A2AE3277E3D /* add_scalar.c */; };
		ABA7B6829AA83D345926CCE6 /* precomp_data.h in Headers */ = {isa = PBXBuildFile; fileRef = ABA7B7A8D60CEEC0A95D195D /* precomp_data.h */; };
		ABA7B6C2664CFC0CB8A21F1A /* ed25519_64.dll in Resources */ = {isa = PBXBuildFile; fileRef = ABA7B1E8CB2CAE853F4F9977 /* ed25519_64.dll */; };
		ABA7B6E8993EBFEDD6FDFCE2 /* TKPaymentTokenTests.m in Sources */ = {isa = PBXBuildFile; fileRef = ABA7BE6DB20F554716095C1D /* TKPaymentTokenTests.m */; };
		ABA7B6FB78BFBC904EBBA4DE /* TKUtil.h in Headers */ = {isa = PBXBuildFile; fileRef = ABA7BA157D6E82BBEAF5AA3E /* TKUtil.h */; };
		ABA7B75A2DEAAF27617C3E4F /* ed25519_32.dll in Resources */ = {isa = PBXBuildFile; fileRef = ABA7BF98D0D666144252C84D /* ed25519_32.dll */; };
		ABA7B7A9B8E01207CF18847A /* TKBankClient.m in Sources */ = {isa = PBXBuildFile; fileRef = ABA7BC8D1168FBC4BC96ADEE /* TKBankClient.m */; };
		ABA7B8307EEF340231A27C67 /* TKAccount.h in Headers */ = {isa = PBXBuildFile; fileRef = ABA7B15B05913DC313ECE3BF /* TKAccount.h */; };
		ABA7B847267CDA906A218BBB /* ge.c in Sources */ = {isa = PBXBuildFile; fileRef = ABA7B25C7C21BC82E0F913A8 /* ge.c */; };
		ABA7BA3D671A14C6A6411B2D /* TKJsonTests.m in Sources */ = {isa = PBXBuildFile; fileRef = ABA7BF9EEFA4C28ABFD5834B /* TKJsonTests.m */; };
		ABA7BA3DA0354DBB07146BE8 /* TKJson.h in Headers */ = {isa = PBXBuildFile; fileRef = ABA7BEE87D6C30096F9CADA3 /* TKJson.h */; };
		ABA7BA98793B0592D11A83BB /* sc.c in Sources */ = {isa = PBXBuildFile; fileRef = ABA7BEAF5A44E025586931AB /* sc.c */; };
		ABA7BA9B13612439D753F584 /* TKJson.m in Sources */ = {isa = PBXBuildFile; fileRef = ABA7B899E7F7DE3107CB62E1 /* TKJson.m */; };
		ABA7BAB1261566AEE5E8422B /* readme.md in Sources */ = {isa = PBXBuildFile; fileRef = ABA7BF17BA41316C7B66823D /* readme.md */; };
		ABA7BAC0AF3B2A9A22210B47 /* ge.h in Headers */ = {isa = PBXBuildFile; fileRef = ABA7BB5EAEB32937327F4192 /* ge.h */; };
		ABA7BAC58B65F8234911D47C /* TKTypedef.h in Headers */ = {isa = PBXBuildFile; fileRef = ABA7BBE03D06E8E8A1414155 /* TKTypedef.h */; };
		ABA7BAEC959E3B2C59762FA6 /* fe.h in Headers */ = {isa = PBXBuildFile; fileRef = ABA7B75B2E97AF95FBDEF4AD /* fe.h */; };
		ABA7BB1317593EB8E79F3B17 /* TKCrypto.m in Sources */ = {isa = PBXBuildFile; fileRef = ABA7B0D240C12726391240B2 /* TKCrypto.m */; };
		ABA7BBB178DD0DBB9BF4DBA8 /* TKAccount.m in Sources */ = {isa = PBXBuildFile; fileRef = ABA7B9993BB80AAFAD3B1DC9 /* TKAccount.m */; };
		ABA7BC0BB1D940B3E988BEA2 /* TKMember.h in Headers */ = {isa = PBXBuildFile; fileRef = ABA7BBBA445C30817501F927 /* TKMember.h */; };
		ABA7BC12F2DE08B6AEEC7F35 /* TKTestBase.m in Sources */ = {isa = PBXBuildFile; fileRef = ABA7BED5AD0B16162777EBA0 /* TKTestBase.m */; };
		ABA7BC619294DC52A32A3B4C /* TKUtilTests.m in Sources */ = {isa = PBXBuildFile; fileRef = ABA7B6A0C915116837349E69 /* TKUtilTests.m */; };
		ABA7BCC6096C71A76B4DC7B0 /* test.c in Sources */ = {isa = PBXBuildFile; fileRef = ABA7B600FA6B997FDF5087F1 /* test.c */; };
		ABA7BCD36D7269863CBD7AB9 /* TKClient.h in Headers */ = {isa = PBXBuildFile; fileRef = ABA7BA46096C815D0B7DBD95 /* TKClient.h */; };
		ABA7BCE18E38B97DB6EAF624 /* TKPaymentRedemptionTests.m in Sources */ = {isa = PBXBuildFile; fileRef = ABA7B6D4261319EE62D05C22 /* TKPaymentRedemptionTests.m */; };
		ABA7BD077F9C27D8BD8B1C8C /* verify.c in Sources */ = {isa = PBXBuildFile; fileRef = ABA7B75329B7D39384598938 /* verify.c */; };
		ABA7BDC1005207233E4CA2A6 /* TKCryptoTests.m in Sources */ = {isa = PBXBuildFile; fileRef = ABA7B3A49F325BBB3B506D1F /* TKCryptoTests.m */; };
		ABA7BE79C71E8822844965D3 /* TKSecretKey.h in Headers */ = {isa = PBXBuildFile; fileRef = ABA7B84875368F06B5CD1416 /* TKSecretKey.h */; };
		ABA7BEA330E88F4707EA089E /* key_exchange.c in Sources */ = {isa = PBXBuildFile; fileRef = ABA7BE0106B24FCB0A9C556C /* key_exchange.c */; };
		ABA7BEAFFA13B3E10325E528 /* TokenIO.h in Headers */ = {isa = PBXBuildFile; fileRef = ABA7BC35315815FA7C52A197 /* TokenIO.h */; };
		ABA7BF199ADA616314789B0D /* TKRpcLog.m in Sources */ = {isa = PBXBuildFile; fileRef = ABA7B2B002EB7F6F68C6DC25 /* TKRpcLog.m */; };
		ABA7BF1C7D227E9E69133874 /* TKRpcSyncCall.m in Sources */ = {isa = PBXBuildFile; fileRef = ABA7BF342FAA1676FC1BC9EF /* TKRpcSyncCall.m */; };
		ABA7BF36682B8CEB2577E661 /* TKCrypto.h in Headers */ = {isa = PBXBuildFile; fileRef = ABA7B7A013686B576B8A78D1 /* TKCrypto.h */; };
		ABA7BF633D0F779DAEC4968F /* TKUtil.m in Sources */ = {isa = PBXBuildFile; fileRef = ABA7B16EB35673E0ED34C018 /* TKUtil.m */; };
		ABA7BF75FDD4B92E5456300E /* sha512.h in Headers */ = {isa = PBXBuildFile; fileRef = ABA7BDCFD5AED8EBB4F32EC2 /* sha512.h */; };
		ABA7BFC5F675615FA58A5EE1 /* sha512.c in Sources */ = {isa = PBXBuildFile; fileRef = ABA7BC1E54BAFDC11AA75D6D /* sha512.c */; };
/* End PBXBuildFile section */

/* Begin PBXContainerItemProxy section */
		8A99091A1D890E820096A7FA /* PBXContainerItemProxy */ = {
			isa = PBXContainerItemProxy;
			containerPortal = 8A9909051D890E820096A7FA /* Project object */;
			proxyType = 1;
			remoteGlobalIDString = 8A99090D1D890E820096A7FA;
			remoteInfo = sdk;
		};
/* End PBXContainerItemProxy section */

/* Begin PBXFileReference section */
		0867CB9D057EBAA4E9BE6791 /* libPods-sdkTests.a */ = {isa = PBXFileReference; explicitFileType = archive.ar; includeInIndex = 0; path = "libPods-sdkTests.a"; sourceTree = BUILT_PRODUCTS_DIR; };
		17987F26F8CA75E8D7FFFCFA /* Pods-sdk.release.xcconfig */ = {isa = PBXFileReference; includeInIndex = 1; lastKnownFileType = text.xcconfig; name = "Pods-sdk.release.xcconfig"; path = "Pods/Target Support Files/Pods-sdk/Pods-sdk.release.xcconfig"; sourceTree = "<group>"; };
		2C88C1E343E1E5719F3A91FD /* Pods-sdkTests.release.xcconfig */ = {isa = PBXFileReference; includeInIndex = 1; lastKnownFileType = text.xcconfig; name = "Pods-sdkTests.release.xcconfig"; path = "Pods/Target Support Files/Pods-sdkTests/Pods-sdkTests.release.xcconfig"; sourceTree = "<group>"; };
		37B5D33C7D4E7E674C4F0E64 /* Pods-sdk.debug.xcconfig */ = {isa = PBXFileReference; includeInIndex = 1; lastKnownFileType = text.xcconfig; name = "Pods-sdk.debug.xcconfig"; path = "Pods/Target Support Files/Pods-sdk/Pods-sdk.debug.xcconfig"; sourceTree = "<group>"; };
		8A99090E1D890E820096A7FA /* sdk.framework */ = {isa = PBXFileReference; explicitFileType = wrapper.framework; includeInIndex = 0; path = sdk.framework; sourceTree = BUILT_PRODUCTS_DIR; };
		8A9909131D890E820096A7FA /* Info.plist */ = {isa = PBXFileReference; lastKnownFileType = text.plist.xml; path = Info.plist; sourceTree = "<group>"; };
		8A9909181D890E820096A7FA /* sdkTests.xctest */ = {isa = PBXFileReference; explicitFileType = wrapper.cfbundle; includeInIndex = 0; path = sdkTests.xctest; sourceTree = BUILT_PRODUCTS_DIR; };
		8A99091D1D890E820096A7FA /* TKMemberRegistrationTests.m */ = {isa = PBXFileReference; lastKnownFileType = sourcecode.c.objc; path = TKMemberRegistrationTests.m; sourceTree = "<group>"; };
		8A99091F1D890E820096A7FA /* Info.plist */ = {isa = PBXFileReference; lastKnownFileType = text.plist.xml; path = Info.plist; sourceTree = "<group>"; };
		8A99093B1D891E6C0096A7FA /* sdk.h */ = {isa = PBXFileReference; lastKnownFileType = sourcecode.c.h; path = sdk.h; sourceTree = "<group>"; };
		A0BD2260CD0EE1FB0E488C44 /* libPods-sdk.a */ = {isa = PBXFileReference; explicitFileType = archive.ar; includeInIndex = 0; path = "libPods-sdk.a"; sourceTree = BUILT_PRODUCTS_DIR; };
		ABA7B0A4EFC8BE48B74908A0 /* TKBankClient.h */ = {isa = PBXFileReference; fileEncoding = 4; lastKnownFileType = sourcecode.c.h; path = TKBankClient.h; sourceTree = "<group>"; };
		ABA7B0D240C12726391240B2 /* TKCrypto.m */ = {isa = PBXFileReference; fileEncoding = 4; lastKnownFileType = sourcecode.c.objc; path = TKCrypto.m; sourceTree = "<group>"; };
		ABA7B0F24C0DAA30675877A4 /* keypair.c */ = {isa = PBXFileReference; fileEncoding = 4; lastKnownFileType = sourcecode.c.c; path = keypair.c; sourceTree = "<group>"; };
		ABA7B15B05913DC313ECE3BF /* TKAccount.h */ = {isa = PBXFileReference; fileEncoding = 4; lastKnownFileType = sourcecode.c.h; path = TKAccount.h; sourceTree = "<group>"; };
		ABA7B16EB35673E0ED34C018 /* TKUtil.m */ = {isa = PBXFileReference; fileEncoding = 4; lastKnownFileType = sourcecode.c.objc; path = TKUtil.m; sourceTree = "<group>"; };
		ABA7B1A3E2263090B97A6BCD /* ed25519.h */ = {isa = PBXFileReference; fileEncoding = 4; lastKnownFileType = sourcecode.c.h; path = ed25519.h; sourceTree = "<group>"; };
		ABA7B1E8CB2CAE853F4F9977 /* ed25519_64.dll */ = {isa = PBXFileReference; lastKnownFileType = file.dll; path = ed25519_64.dll; sourceTree = "<group>"; };
		ABA7B25C7C21BC82E0F913A8 /* ge.c */ = {isa = PBXFileReference; fileEncoding = 4; lastKnownFileType = sourcecode.c.c; path = ge.c; sourceTree = "<group>"; };
		ABA7B2B002EB7F6F68C6DC25 /* TKRpcLog.m */ = {isa = PBXFileReference; fileEncoding = 4; lastKnownFileType = sourcecode.c.objc; path = TKRpcLog.m; sourceTree = "<group>"; };
		ABA7B30F0E5668621466B95A /* TKTestBase.h */ = {isa = PBXFileReference; fileEncoding = 4; lastKnownFileType = sourcecode.c.h; path = TKTestBase.h; sourceTree = "<group>"; };
		ABA7B3A49F325BBB3B506D1F /* TKCryptoTests.m */ = {isa = PBXFileReference; fileEncoding = 4; lastKnownFileType = sourcecode.c.objc; path = TKCryptoTests.m; sourceTree = "<group>"; };
		ABA7B3B3B7497B3EC3C6F2F7 /* TKMember.m */ = {isa = PBXFileReference; fileEncoding = 4; lastKnownFileType = sourcecode.c.objc; path = TKMember.m; sourceTree = "<group>"; };
		ABA7B600FA6B997FDF5087F1 /* test.c */ = {isa = PBXFileReference; fileEncoding = 4; lastKnownFileType = sourcecode.c.c; path = test.c; sourceTree = "<group>"; };
		ABA7B6A0C915116837349E69 /* TKUtilTests.m */ = {isa = PBXFileReference; fileEncoding = 4; lastKnownFileType = sourcecode.c.objc; path = TKUtilTests.m; sourceTree = "<group>"; };
		ABA7B6D4261319EE62D05C22 /* TKPaymentRedemptionTests.m */ = {isa = PBXFileReference; fileEncoding = 4; lastKnownFileType = sourcecode.c.objc; path = TKPaymentRedemptionTests.m; sourceTree = "<group>"; };
		ABA7B6D8EA5337CAD7ECE322 /* TKUnauthenticatedClient.h */ = {isa = PBXFileReference; fileEncoding = 4; lastKnownFileType = sourcecode.c.h; path = TKUnauthenticatedClient.h; sourceTree = "<group>"; };
		ABA7B71635A1A13440B4B70D /* sign.c */ = {isa = PBXFileReference; fileEncoding = 4; lastKnownFileType = sourcecode.c.c; path = sign.c; sourceTree = "<group>"; };
		ABA7B75329B7D39384598938 /* verify.c */ = {isa = PBXFileReference; fileEncoding = 4; lastKnownFileType = sourcecode.c.c; path = verify.c; sourceTree = "<group>"; };
		ABA7B75B2E97AF95FBDEF4AD /* fe.h */ = {isa = PBXFileReference; fileEncoding = 4; lastKnownFileType = sourcecode.c.h; path = fe.h; sourceTree = "<group>"; };
		ABA7B7A013686B576B8A78D1 /* TKCrypto.h */ = {isa = PBXFileReference; fileEncoding = 4; lastKnownFileType = sourcecode.c.h; path = TKCrypto.h; sourceTree = "<group>"; };
		ABA7B7A8D60CEEC0A95D195D /* precomp_data.h */ = {isa = PBXFileReference; fileEncoding = 4; lastKnownFileType = sourcecode.c.h; path = precomp_data.h; sourceTree = "<group>"; };
		ABA7B84875368F06B5CD1416 /* TKSecretKey.h */ = {isa = PBXFileReference; fileEncoding = 4; lastKnownFileType = sourcecode.c.h; path = TKSecretKey.h; sourceTree = "<group>"; };
		ABA7B899E7F7DE3107CB62E1 /* TKJson.m */ = {isa = PBXFileReference; fileEncoding = 4; lastKnownFileType = sourcecode.c.objc; path = TKJson.m; sourceTree = "<group>"; };
		ABA7B8DE03F950AD6FDF5743 /* TKSecretKey.m */ = {isa = PBXFileReference; fileEncoding = 4; lastKnownFileType = sourcecode.c.objc; path = TKSecretKey.m; sourceTree = "<group>"; };
		ABA7B9993BB80AAFAD3B1DC9 /* TKAccount.m */ = {isa = PBXFileReference; fileEncoding = 4; lastKnownFileType = sourcecode.c.objc; path = TKAccount.m; sourceTree = "<group>"; };
		ABA7BA157D6E82BBEAF5AA3E /* TKUtil.h */ = {isa = PBXFileReference; fileEncoding = 4; lastKnownFileType = sourcecode.c.h; path = TKUtil.h; sourceTree = "<group>"; };
		ABA7BA2C7E715C76574378AB /* TokenIO.m */ = {isa = PBXFileReference; fileEncoding = 4; lastKnownFileType = sourcecode.c.objc; path = TokenIO.m; sourceTree = "<group>"; };
		ABA7BA46096C815D0B7DBD95 /* TKClient.h */ = {isa = PBXFileReference; fileEncoding = 4; lastKnownFileType = sourcecode.c.h; path = TKClient.h; sourceTree = "<group>"; };
		ABA7BAD71645256D1FA06F7D /* TKClient.m */ = {isa = PBXFileReference; fileEncoding = 4; lastKnownFileType = sourcecode.c.objc; path = TKClient.m; sourceTree = "<group>"; };
		ABA7BAE86AFFD5A7950556E9 /* TKRpcSyncCall.h */ = {isa = PBXFileReference; fileEncoding = 4; lastKnownFileType = sourcecode.c.h; path = TKRpcSyncCall.h; sourceTree = "<group>"; };
		ABA7BB049B4A62BA1298FB44 /* TKAccountsTests.m */ = {isa = PBXFileReference; fileEncoding = 4; lastKnownFileType = sourcecode.c.objc; path = TKAccountsTests.m; sourceTree = "<group>"; };
		ABA7BB41B15B9C824D04376C /* fe.c */ = {isa = PBXFileReference; fileEncoding = 4; lastKnownFileType = sourcecode.c.c; path = fe.c; sourceTree = "<group>"; };
		ABA7BB5EAEB32937327F4192 /* ge.h */ = {isa = PBXFileReference; fileEncoding = 4; lastKnownFileType = sourcecode.c.h; path = ge.h; sourceTree = "<group>"; };
		ABA7BB639412CC7CAEA9EE8D /* TokenIOBuilder.h */ = {isa = PBXFileReference; fileEncoding = 4; lastKnownFileType = sourcecode.c.h; path = TokenIOBuilder.h; sourceTree = "<group>"; };
		ABA7BBBA445C30817501F927 /* TKMember.h */ = {isa = PBXFileReference; fileEncoding = 4; lastKnownFileType = sourcecode.c.h; path = TKMember.h; sourceTree = "<group>"; };
		ABA7BBCBD8380F94FCC8B8A4 /* TKRpcLog.h */ = {isa = PBXFileReference; fileEncoding = 4; lastKnownFileType = sourcecode.c.h; path = TKRpcLog.h; sourceTree = "<group>"; };
		ABA7BBE03D06E8E8A1414155 /* TKTypedef.h */ = {isa = PBXFileReference; fileEncoding = 4; lastKnownFileType = sourcecode.c.h; path = TKTypedef.h; sourceTree = "<group>"; };
		ABA7BC1286CBA07E69B30D14 /* fixedint.h */ = {isa = PBXFileReference; fileEncoding = 4; lastKnownFileType = sourcecode.c.h; path = fixedint.h; sourceTree = "<group>"; };
		ABA7BC1E54BAFDC11AA75D6D /* sha512.c */ = {isa = PBXFileReference; fileEncoding = 4; lastKnownFileType = sourcecode.c.c; path = sha512.c; sourceTree = "<group>"; };
		ABA7BC2013ED8025D15A3E18 /* seed.c */ = {isa = PBXFileReference; fileEncoding = 4; lastKnownFileType = sourcecode.c.c; path = seed.c; sourceTree = "<group>"; };
		ABA7BC35315815FA7C52A197 /* TokenIO.h */ = {isa = PBXFileReference; fileEncoding = 4; lastKnownFileType = sourcecode.c.h; path = TokenIO.h; sourceTree = "<group>"; };
		ABA7BC48C9A115AEEC7143CA /* TKUnauthenticatedClient.m */ = {isa = PBXFileReference; fileEncoding = 4; lastKnownFileType = sourcecode.c.objc; path = TKUnauthenticatedClient.m; sourceTree = "<group>"; };
		ABA7BC8D1168FBC4BC96ADEE /* TKBankClient.m */ = {isa = PBXFileReference; fileEncoding = 4; lastKnownFileType = sourcecode.c.objc; path = TKBankClient.m; sourceTree = "<group>"; };
		ABA7BC8DA7F5DC3A1EEC68D7 /* TokenIOBuilder.m */ = {isa = PBXFileReference; fileEncoding = 4; lastKnownFileType = sourcecode.c.objc; path = TokenIOBuilder.m; sourceTree = "<group>"; };
		ABA7BD5AE2B87B579AE072EB /* sc.h */ = {isa = PBXFileReference; fileEncoding = 4; lastKnownFileType = sourcecode.c.h; path = sc.h; sourceTree = "<group>"; };
		ABA7BDCFD5AED8EBB4F32EC2 /* sha512.h */ = {isa = PBXFileReference; fileEncoding = 4; lastKnownFileType = sourcecode.c.h; path = sha512.h; sourceTree = "<group>"; };
		ABA7BDE5D0F88461A97DCA5A /* license.txt */ = {isa = PBXFileReference; fileEncoding = 4; lastKnownFileType = text; path = license.txt; sourceTree = "<group>"; };
		ABA7BE0106B24FCB0A9C556C /* key_exchange.c */ = {isa = PBXFileReference; fileEncoding = 4; lastKnownFileType = sourcecode.c.c; path = key_exchange.c; sourceTree = "<group>"; };
		ABA7BE6DB20F554716095C1D /* TKPaymentTokenTests.m */ = {isa = PBXFileReference; fileEncoding = 4; lastKnownFileType = sourcecode.c.objc; path = TKPaymentTokenTests.m; sourceTree = "<group>"; };
		ABA7BEAF5A44E025586931AB /* sc.c */ = {isa = PBXFileReference; fileEncoding = 4; lastKnownFileType = sourcecode.c.c; path = sc.c; sourceTree = "<group>"; };
		ABA7BED5AD0B16162777EBA0 /* TKTestBase.m */ = {isa = PBXFileReference; fileEncoding = 4; lastKnownFileType = sourcecode.c.objc; path = TKTestBase.m; sourceTree = "<group>"; };
		ABA7BEE87D6C30096F9CADA3 /* TKJson.h */ = {isa = PBXFileReference; fileEncoding = 4; lastKnownFileType = sourcecode.c.h; path = TKJson.h; sourceTree = "<group>"; };
		ABA7BF17BA41316C7B66823D /* readme.md */ = {isa = PBXFileReference; fileEncoding = 4; lastKnownFileType = net.daringfireball.markdown; path = readme.md; sourceTree = "<group>"; };
		ABA7BF342FAA1676FC1BC9EF /* TKRpcSyncCall.m */ = {isa = PBXFileReference; fileEncoding = 4; lastKnownFileType = sourcecode.c.objc; path = TKRpcSyncCall.m; sourceTree = "<group>"; };
		ABA7BF3C591D1A2AE3277E3D /* add_scalar.c */ = {isa = PBXFileReference; fileEncoding = 4; lastKnownFileType = sourcecode.c.c; path = add_scalar.c; sourceTree = "<group>"; };
		ABA7BF98D0D666144252C84D /* ed25519_32.dll */ = {isa = PBXFileReference; lastKnownFileType = file.dll; path = ed25519_32.dll; sourceTree = "<group>"; };
		ABA7BF9EEFA4C28ABFD5834B /* TKJsonTests.m */ = {isa = PBXFileReference; fileEncoding = 4; lastKnownFileType = sourcecode.c.objc; path = TKJsonTests.m; sourceTree = "<group>"; };
		CF42EC24281AE183D82CB9A5 /* Pods-sdkTests.debug.xcconfig */ = {isa = PBXFileReference; includeInIndex = 1; lastKnownFileType = text.xcconfig; name = "Pods-sdkTests.debug.xcconfig"; path = "Pods/Target Support Files/Pods-sdkTests/Pods-sdkTests.debug.xcconfig"; sourceTree = "<group>"; };
/* End PBXFileReference section */

/* Begin PBXFrameworksBuildPhase section */
		8A99090A1D890E820096A7FA /* Frameworks */ = {
			isa = PBXFrameworksBuildPhase;
			buildActionMask = 2147483647;
			files = (
				6E9A42F92210F0702C31D4F2 /* libPods-sdk.a in Frameworks */,
			);
			runOnlyForDeploymentPostprocessing = 0;
		};
		8A9909151D890E820096A7FA /* Frameworks */ = {
			isa = PBXFrameworksBuildPhase;
			buildActionMask = 2147483647;
			files = (
				8A9909191D890E820096A7FA /* sdk.framework in Frameworks */,
				8E68CF1C41BC4A064EBAB707 /* libPods-sdkTests.a in Frameworks */,
			);
			runOnlyForDeploymentPostprocessing = 0;
		};
/* End PBXFrameworksBuildPhase section */

/* Begin PBXGroup section */
		45A6D2E987A941A285DA25C4 /* Frameworks */ = {
			isa = PBXGroup;
			children = (
				A0BD2260CD0EE1FB0E488C44 /* libPods-sdk.a */,
				0867CB9D057EBAA4E9BE6791 /* libPods-sdkTests.a */,
			);
			name = Frameworks;
			sourceTree = "<group>";
		};
		8A9909041D890E820096A7FA = {
			isa = PBXGroup;
			children = (
				8A9909101D890E820096A7FA /* sdk */,
				8A99091C1D890E820096A7FA /* sdkTests */,
				8A99090F1D890E820096A7FA /* Products */,
				CC754FFC3CA010778232A1E9 /* Pods */,
				45A6D2E987A941A285DA25C4 /* Frameworks */,
			);
			sourceTree = "<group>";
		};
		8A99090F1D890E820096A7FA /* Products */ = {
			isa = PBXGroup;
			children = (
				8A99090E1D890E820096A7FA /* sdk.framework */,
				8A9909181D890E820096A7FA /* sdkTests.xctest */,
			);
			name = Products;
			sourceTree = "<group>";
		};
		8A9909101D890E820096A7FA /* sdk */ = {
			isa = PBXGroup;
			children = (
				8A9909131D890E820096A7FA /* Info.plist */,
				8A99093B1D891E6C0096A7FA /* sdk.h */,
				ABA7B2281FEA7BCDBB7045C3 /* api */,
				ABA7BA2FC59F6E7FF0F39F6C /* rpc */,
				ABA7BFE70DA2E2ABED08CD7B /* security */,
				ABA7B92556DD88305DE6EDC5 /* util */,
				ABA7BAEECC1C790312E0C61B /* ed25519 */,
			);
			path = sdk;
			sourceTree = "<group>";
		};
		8A99091C1D890E820096A7FA /* sdkTests */ = {
			isa = PBXGroup;
			children = (
				8A99091D1D890E820096A7FA /* TKMemberRegistrationTests.m */,
				8A99091F1D890E820096A7FA /* Info.plist */,
				ABA7BF9EEFA4C28ABFD5834B /* TKJsonTests.m */,
				ABA7BED5AD0B16162777EBA0 /* TKTestBase.m */,
				ABA7B30F0E5668621466B95A /* TKTestBase.h */,
				ABA7B6A0C915116837349E69 /* TKUtilTests.m */,
				ABA7B3A49F325BBB3B506D1F /* TKCryptoTests.m */,
				ABA7BB049B4A62BA1298FB44 /* TKAccountsTests.m */,
				ABA7BE6DB20F554716095C1D /* TKPaymentTokenTests.m */,
				ABA7B6D4261319EE62D05C22 /* TKPaymentRedemptionTests.m */,
				ABA7BC8D1168FBC4BC96ADEE /* TKBankClient.m */,
				ABA7B0A4EFC8BE48B74908A0 /* TKBankClient.h */,
			);
			path = sdkTests;
			sourceTree = "<group>";
		};
		ABA7B2281FEA7BCDBB7045C3 /* api */ = {
			isa = PBXGroup;
			children = (
				ABA7BBBA445C30817501F927 /* TKMember.h */,
				ABA7B3B3B7497B3EC3C6F2F7 /* TKMember.m */,
				ABA7BC35315815FA7C52A197 /* TokenIO.h */,
				ABA7BA2C7E715C76574378AB /* TokenIO.m */,
				ABA7BC8DA7F5DC3A1EEC68D7 /* TokenIOBuilder.m */,
				ABA7BB639412CC7CAEA9EE8D /* TokenIOBuilder.h */,
				ABA7BBE03D06E8E8A1414155 /* TKTypedef.h */,
				ABA7B9993BB80AAFAD3B1DC9 /* TKAccount.m */,
				ABA7B15B05913DC313ECE3BF /* TKAccount.h */,
			);
			path = api;
			sourceTree = "<group>";
		};
		ABA7B655319DBC254DA98A75 /* src */ = {
			isa = PBXGroup;
			children = (
				ABA7BB41B15B9C824D04376C /* fe.c */,
				ABA7B75B2E97AF95FBDEF4AD /* fe.h */,
				ABA7B25C7C21BC82E0F913A8 /* ge.c */,
				ABA7BB5EAEB32937327F4192 /* ge.h */,
				ABA7BEAF5A44E025586931AB /* sc.c */,
				ABA7BD5AE2B87B579AE072EB /* sc.h */,
				ABA7BC2013ED8025D15A3E18 /* seed.c */,
				ABA7B71635A1A13440B4B70D /* sign.c */,
				ABA7BC1E54BAFDC11AA75D6D /* sha512.c */,
				ABA7BDCFD5AED8EBB4F32EC2 /* sha512.h */,
				ABA7B75329B7D39384598938 /* verify.c */,
				ABA7B1A3E2263090B97A6BCD /* ed25519.h */,
				ABA7B0F24C0DAA30675877A4 /* keypair.c */,
				ABA7BC1286CBA07E69B30D14 /* fixedint.h */,
				ABA7BF3C591D1A2AE3277E3D /* add_scalar.c */,
				ABA7BE0106B24FCB0A9C556C /* key_exchange.c */,
				ABA7B7A8D60CEEC0A95D195D /* precomp_data.h */,
			);
			path = src;
			sourceTree = "<group>";
		};
		ABA7B92556DD88305DE6EDC5 /* util */ = {
			isa = PBXGroup;
			children = (
				ABA7B899E7F7DE3107CB62E1 /* TKJson.m */,
				ABA7B16EB35673E0ED34C018 /* TKUtil.m */,
				ABA7BEE87D6C30096F9CADA3 /* TKJson.h */,
				ABA7BA157D6E82BBEAF5AA3E /* TKUtil.h */,
			);
			path = util;
			sourceTree = "<group>";
		};
		ABA7BA2FC59F6E7FF0F39F6C /* rpc */ = {
			isa = PBXGroup;
			children = (
				ABA7BA46096C815D0B7DBD95 /* TKClient.h */,
				ABA7BAD71645256D1FA06F7D /* TKClient.m */,
				ABA7B6D8EA5337CAD7ECE322 /* TKUnauthenticatedClient.h */,
				ABA7BC48C9A115AEEC7143CA /* TKUnauthenticatedClient.m */,
				ABA7BF342FAA1676FC1BC9EF /* TKRpcSyncCall.m */,
				ABA7BAE86AFFD5A7950556E9 /* TKRpcSyncCall.h */,
				ABA7B2B002EB7F6F68C6DC25 /* TKRpcLog.m */,
				ABA7BBCBD8380F94FCC8B8A4 /* TKRpcLog.h */,
			);
			path = rpc;
			sourceTree = "<group>";
		};
		ABA7BAEECC1C790312E0C61B /* ed25519 */ = {
			isa = PBXGroup;
			children = (
				ABA7B655319DBC254DA98A75 /* src */,
				ABA7BF98D0D666144252C84D /* ed25519_32.dll */,
				ABA7B1E8CB2CAE853F4F9977 /* ed25519_64.dll */,
				ABA7BDE5D0F88461A97DCA5A /* license.txt */,
				ABA7BF17BA41316C7B66823D /* readme.md */,
				ABA7B600FA6B997FDF5087F1 /* test.c */,
			);
			path = ed25519;
			sourceTree = "<group>";
		};
		ABA7BFE70DA2E2ABED08CD7B /* security */ = {
			isa = PBXGroup;
			children = (
				ABA7B7A013686B576B8A78D1 /* TKCrypto.h */,
				ABA7B0D240C12726391240B2 /* TKCrypto.m */,
				ABA7B8DE03F950AD6FDF5743 /* TKSecretKey.m */,
				ABA7B84875368F06B5CD1416 /* TKSecretKey.h */,
			);
			path = security;
			sourceTree = "<group>";
		};
		CC754FFC3CA010778232A1E9 /* Pods */ = {
			isa = PBXGroup;
			children = (
				37B5D33C7D4E7E674C4F0E64 /* Pods-sdk.debug.xcconfig */,
				17987F26F8CA75E8D7FFFCFA /* Pods-sdk.release.xcconfig */,
				CF42EC24281AE183D82CB9A5 /* Pods-sdkTests.debug.xcconfig */,
				2C88C1E343E1E5719F3A91FD /* Pods-sdkTests.release.xcconfig */,
			);
			name = Pods;
			sourceTree = "<group>";
		};
/* End PBXGroup section */

/* Begin PBXHeadersBuildPhase section */
		8A99090B1D890E820096A7FA /* Headers */ = {
			isa = PBXHeadersBuildPhase;
			buildActionMask = 2147483647;
			files = (
				ABA7B290C97F9D6136CA9D55 /* TKTestBase.h in Headers */,
				ABA7BC0BB1D940B3E988BEA2 /* TKMember.h in Headers */,
				ABA7BEAFFA13B3E10325E528 /* TokenIO.h in Headers */,
				ABA7B57D2B7432D496CE2A6D /* TokenIOBuilder.h in Headers */,
				ABA7BF36682B8CEB2577E661 /* TKCrypto.h in Headers */,
				ABA7BCD36D7269863CBD7AB9 /* TKClient.h in Headers */,
				ABA7B2E2271AD00719ECDA53 /* TKUnauthenticatedClient.h in Headers */,
				ABA7BE79C71E8822844965D3 /* TKSecretKey.h in Headers */,
				ABA7BA3DA0354DBB07146BE8 /* TKJson.h in Headers */,
				ABA7B6FB78BFBC904EBBA4DE /* TKUtil.h in Headers */,
				ABA7B46027069D67CCC10553 /* TKRpcSyncCall.h in Headers */,
				ABA7B38189FE91B2418918A2 /* TKRpcLog.h in Headers */,
				ABA7BAEC959E3B2C59762FA6 /* fe.h in Headers */,
				ABA7BAC0AF3B2A9A22210B47 /* ge.h in Headers */,
				ABA7B396AEB29286AB91C613 /* sc.h in Headers */,
				ABA7BF75FDD4B92E5456300E /* sha512.h in Headers */,
				ABA7B17B4D029AB93711EE58 /* ed25519.h in Headers */,
				ABA7B31148B04774C33BF931 /* fixedint.h in Headers */,
				ABA7B6829AA83D345926CCE6 /* precomp_data.h in Headers */,
				ABA7BAC58B65F8234911D47C /* TKTypedef.h in Headers */,
				ABA7B8307EEF340231A27C67 /* TKAccount.h in Headers */,
				ABA7B1621EE5B60FF933B3BD /* TKBankClient.h in Headers */,
			);
			runOnlyForDeploymentPostprocessing = 0;
		};
/* End PBXHeadersBuildPhase section */

/* Begin PBXNativeTarget section */
		8A99090D1D890E820096A7FA /* sdk */ = {
			isa = PBXNativeTarget;
			buildConfigurationList = 8A9909221D890E820096A7FA /* Build configuration list for PBXNativeTarget "sdk" */;
			buildPhases = (
				9A10E1C14234848DDF09B732 /* [CP] Check Pods Manifest.lock */,
				8A9909091D890E820096A7FA /* Sources */,
				8A99090A1D890E820096A7FA /* Frameworks */,
				8A99090B1D890E820096A7FA /* Headers */,
				8A99090C1D890E820096A7FA /* Resources */,
				92358EEBF311846E836E07B9 /* [CP] Copy Pods Resources */,
			);
			buildRules = (
			);
			dependencies = (
			);
			name = sdk;
			productName = sdk;
			productReference = 8A99090E1D890E820096A7FA /* sdk.framework */;
			productType = "com.apple.product-type.framework";
		};
		8A9909171D890E820096A7FA /* sdkTests */ = {
			isa = PBXNativeTarget;
			buildConfigurationList = 8A9909251D890E820096A7FA /* Build configuration list for PBXNativeTarget "sdkTests" */;
			buildPhases = (
				142E1C825A13D64BC5A70289 /* [CP] Check Pods Manifest.lock */,
				8A9909141D890E820096A7FA /* Sources */,
				8A9909151D890E820096A7FA /* Frameworks */,
				8A9909161D890E820096A7FA /* Resources */,
				90C39706085657F07D914CE7 /* [CP] Embed Pods Frameworks */,
				47707BB14A8AF42C2075C39B /* [CP] Copy Pods Resources */,
			);
			buildRules = (
			);
			dependencies = (
				8A99091B1D890E820096A7FA /* PBXTargetDependency */,
			);
			name = sdkTests;
			productName = sdkTests;
			productReference = 8A9909181D890E820096A7FA /* sdkTests.xctest */;
			productType = "com.apple.product-type.bundle.unit-test";
		};
/* End PBXNativeTarget section */

/* Begin PBXProject section */
		8A9909051D890E820096A7FA /* Project object */ = {
			isa = PBXProject;
			attributes = {
				LastUpgradeCheck = 0730;
				ORGANIZATIONNAME = "Token Inc";
				TargetAttributes = {
					8A99090D1D890E820096A7FA = {
						CreatedOnToolsVersion = 7.3.1;
					};
					8A9909171D890E820096A7FA = {
						CreatedOnToolsVersion = 7.3.1;
					};
				};
			};
			buildConfigurationList = 8A9909081D890E820096A7FA /* Build configuration list for PBXProject "sdk" */;
			compatibilityVersion = "Xcode 3.2";
			developmentRegion = English;
			hasScannedForEncodings = 0;
			knownRegions = (
				en,
			);
			mainGroup = 8A9909041D890E820096A7FA;
			productRefGroup = 8A99090F1D890E820096A7FA /* Products */;
			projectDirPath = "";
			projectRoot = "";
			targets = (
				8A99090D1D890E820096A7FA /* sdk */,
				8A9909171D890E820096A7FA /* sdkTests */,
			);
		};
/* End PBXProject section */

/* Begin PBXResourcesBuildPhase section */
		8A99090C1D890E820096A7FA /* Resources */ = {
			isa = PBXResourcesBuildPhase;
			buildActionMask = 2147483647;
			files = (
				ABA7B75A2DEAAF27617C3E4F /* ed25519_32.dll in Resources */,
				ABA7B6C2664CFC0CB8A21F1A /* ed25519_64.dll in Resources */,
				ABA7B103B5929B86EF4C8689 /* license.txt in Resources */,
			);
			runOnlyForDeploymentPostprocessing = 0;
		};
		8A9909161D890E820096A7FA /* Resources */ = {
			isa = PBXResourcesBuildPhase;
			buildActionMask = 2147483647;
			files = (
			);
			runOnlyForDeploymentPostprocessing = 0;
		};
/* End PBXResourcesBuildPhase section */

/* Begin PBXShellScriptBuildPhase section */
		142E1C825A13D64BC5A70289 /* [CP] Check Pods Manifest.lock */ = {
			isa = PBXShellScriptBuildPhase;
			buildActionMask = 2147483647;
			files = (
			);
			inputPaths = (
			);
			name = "[CP] Check Pods Manifest.lock";
			outputPaths = (
			);
			runOnlyForDeploymentPostprocessing = 0;
			shellPath = /bin/sh;
			shellScript = "diff \"${PODS_ROOT}/../Podfile.lock\" \"${PODS_ROOT}/Manifest.lock\" > /dev/null\nif [[ $? != 0 ]] ; then\n    cat << EOM\nerror: The sandbox is not in sync with the Podfile.lock. Run 'pod install' or update your CocoaPods installation.\nEOM\n    exit 1\nfi\n";
			showEnvVarsInLog = 0;
		};
		47707BB14A8AF42C2075C39B /* [CP] Copy Pods Resources */ = {
			isa = PBXShellScriptBuildPhase;
			buildActionMask = 2147483647;
			files = (
			);
			inputPaths = (
			);
			name = "[CP] Copy Pods Resources";
			outputPaths = (
			);
			runOnlyForDeploymentPostprocessing = 0;
			shellPath = /bin/sh;
			shellScript = "\"${SRCROOT}/Pods/Target Support Files/Pods-sdkTests/Pods-sdkTests-resources.sh\"\n";
			showEnvVarsInLog = 0;
		};
		90C39706085657F07D914CE7 /* [CP] Embed Pods Frameworks */ = {
			isa = PBXShellScriptBuildPhase;
			buildActionMask = 2147483647;
			files = (
			);
			inputPaths = (
			);
			name = "[CP] Embed Pods Frameworks";
			outputPaths = (
			);
			runOnlyForDeploymentPostprocessing = 0;
			shellPath = /bin/sh;
			shellScript = "\"${SRCROOT}/Pods/Target Support Files/Pods-sdkTests/Pods-sdkTests-frameworks.sh\"\n";
			showEnvVarsInLog = 0;
		};
		92358EEBF311846E836E07B9 /* [CP] Copy Pods Resources */ = {
			isa = PBXShellScriptBuildPhase;
			buildActionMask = 2147483647;
			files = (
			);
			inputPaths = (
			);
			name = "[CP] Copy Pods Resources";
			outputPaths = (
			);
			runOnlyForDeploymentPostprocessing = 0;
			shellPath = /bin/sh;
			shellScript = "\"${SRCROOT}/Pods/Target Support Files/Pods-sdk/Pods-sdk-resources.sh\"\n";
			showEnvVarsInLog = 0;
		};
		9A10E1C14234848DDF09B732 /* [CP] Check Pods Manifest.lock */ = {
			isa = PBXShellScriptBuildPhase;
			buildActionMask = 2147483647;
			files = (
			);
			inputPaths = (
			);
			name = "[CP] Check Pods Manifest.lock";
			outputPaths = (
			);
			runOnlyForDeploymentPostprocessing = 0;
			shellPath = /bin/sh;
			shellScript = "diff \"${PODS_ROOT}/../Podfile.lock\" \"${PODS_ROOT}/Manifest.lock\" > /dev/null\nif [[ $? != 0 ]] ; then\n    cat << EOM\nerror: The sandbox is not in sync with the Podfile.lock. Run 'pod install' or update your CocoaPods installation.\nEOM\n    exit 1\nfi\n";
			showEnvVarsInLog = 0;
		};
/* End PBXShellScriptBuildPhase section */

/* Begin PBXSourcesBuildPhase section */
		8A9909091D890E820096A7FA /* Sources */ = {
			isa = PBXSourcesBuildPhase;
			buildActionMask = 2147483647;
			files = (
				ABA7B3247F83509D9AB5E5B5 /* TKMember.m in Sources */,
				ABA7B59E860E46C4B7EF7F58 /* TokenIO.m in Sources */,
				ABA7B2B006484A1B045E42DB /* TokenIOBuilder.m in Sources */,
				ABA7BB1317593EB8E79F3B17 /* TKCrypto.m in Sources */,
				ABA7B5835408D6DD145BFCD0 /* TKClient.m in Sources */,
				ABA7B2CE9549E2939698431C /* TKUnauthenticatedClient.m in Sources */,
				ABA7B1759A41D7570F394BDA /* TKSecretKey.m in Sources */,
				ABA7BA9B13612439D753F584 /* TKJson.m in Sources */,
				ABA7BF633D0F779DAEC4968F /* TKUtil.m in Sources */,
				ABA7BF1C7D227E9E69133874 /* TKRpcSyncCall.m in Sources */,
				ABA7BF199ADA616314789B0D /* TKRpcLog.m in Sources */,
				ABA7B100F91D557B0FCF8F28 /* fe.c in Sources */,
				ABA7B847267CDA906A218BBB /* ge.c in Sources */,
				ABA7BA98793B0592D11A83BB /* sc.c in Sources */,
				ABA7B0303C146231D78BE96C /* seed.c in Sources */,
				ABA7B40904F1C32FD2F49C88 /* sign.c in Sources */,
				ABA7BFC5F675615FA58A5EE1 /* sha512.c in Sources */,
				ABA7BD077F9C27D8BD8B1C8C /* verify.c in Sources */,
				ABA7B164177B8BB039D61458 /* keypair.c in Sources */,
				ABA7B5F5DCF3B29BB75B09E1 /* add_scalar.c in Sources */,
				ABA7BEA330E88F4707EA089E /* key_exchange.c in Sources */,
				ABA7BAB1261566AEE5E8422B /* readme.md in Sources */,
				ABA7BCC6096C71A76B4DC7B0 /* test.c in Sources */,
				ABA7BBB178DD0DBB9BF4DBA8 /* TKAccount.m in Sources */,
				ABA7B7A9B8E01207CF18847A /* TKBankClient.m in Sources */,
			);
			runOnlyForDeploymentPostprocessing = 0;
		};
		8A9909141D890E820096A7FA /* Sources */ = {
			isa = PBXSourcesBuildPhase;
			buildActionMask = 2147483647;
			files = (
				8A99091E1D890E820096A7FA /* TKMemberRegistrationTests.m in Sources */,
				ABA7BA3D671A14C6A6411B2D /* TKJsonTests.m in Sources */,
				ABA7BC12F2DE08B6AEEC7F35 /* TKTestBase.m in Sources */,
				ABA7BC619294DC52A32A3B4C /* TKUtilTests.m in Sources */,
				ABA7BDC1005207233E4CA2A6 /* TKCryptoTests.m in Sources */,
				ABA7B3CEB44D8A66CE4AA71B /* TKAccountsTests.m in Sources */,
				ABA7B6E8993EBFEDD6FDFCE2 /* TKPaymentTokenTests.m in Sources */,
				ABA7BCE18E38B97DB6EAF624 /* TKPaymentRedemptionTests.m in Sources */,
			);
			runOnlyForDeploymentPostprocessing = 0;
		};
/* End PBXSourcesBuildPhase section */

/* Begin PBXTargetDependency section */
		8A99091B1D890E820096A7FA /* PBXTargetDependency */ = {
			isa = PBXTargetDependency;
			target = 8A99090D1D890E820096A7FA /* sdk */;
			targetProxy = 8A99091A1D890E820096A7FA /* PBXContainerItemProxy */;
		};
/* End PBXTargetDependency section */

/* Begin XCBuildConfiguration section */
		8A9909201D890E820096A7FA /* Debug */ = {
			isa = XCBuildConfiguration;
			buildSettings = {
				ALWAYS_SEARCH_USER_PATHS = NO;
				CLANG_ANALYZER_NONNULL = YES;
				CLANG_CXX_LANGUAGE_STANDARD = "gnu++0x";
				CLANG_CXX_LIBRARY = "libc++";
				CLANG_ENABLE_MODULES = YES;
				CLANG_ENABLE_OBJC_ARC = YES;
				CLANG_WARN_BOOL_CONVERSION = YES;
				CLANG_WARN_CONSTANT_CONVERSION = YES;
				CLANG_WARN_DIRECT_OBJC_ISA_USAGE = YES_ERROR;
				CLANG_WARN_EMPTY_BODY = YES;
				CLANG_WARN_ENUM_CONVERSION = YES;
				CLANG_WARN_INT_CONVERSION = YES;
				CLANG_WARN_OBJC_ROOT_CLASS = YES_ERROR;
				CLANG_WARN_UNREACHABLE_CODE = YES;
				CLANG_WARN__DUPLICATE_METHOD_MATCH = YES;
				"CODE_SIGN_IDENTITY[sdk=iphoneos*]" = "iPhone Developer";
				COPY_PHASE_STRIP = NO;
				CURRENT_PROJECT_VERSION = 1;
				DEBUG_INFORMATION_FORMAT = dwarf;
				ENABLE_STRICT_OBJC_MSGSEND = YES;
				ENABLE_TESTABILITY = YES;
				GCC_C_LANGUAGE_STANDARD = gnu99;
				GCC_DYNAMIC_NO_PIC = NO;
				GCC_NO_COMMON_BLOCKS = YES;
				GCC_OPTIMIZATION_LEVEL = 0;
				GCC_PREPROCESSOR_DEFINITIONS = (
					"DEBUG=1",
					"$(inherited)",
				);
				GCC_WARN_64_TO_32_BIT_CONVERSION = YES;
				GCC_WARN_ABOUT_RETURN_TYPE = YES_ERROR;
				GCC_WARN_UNDECLARED_SELECTOR = YES;
				GCC_WARN_UNINITIALIZED_AUTOS = YES_AGGRESSIVE;
				GCC_WARN_UNUSED_FUNCTION = YES;
				GCC_WARN_UNUSED_VARIABLE = YES;
				IPHONEOS_DEPLOYMENT_TARGET = 9.3;
				MTL_ENABLE_DEBUG_INFO = YES;
				ONLY_ACTIVE_ARCH = YES;
				SDKROOT = iphoneos;
				TARGETED_DEVICE_FAMILY = "1,2";
				VERSIONING_SYSTEM = "apple-generic";
				VERSION_INFO_PREFIX = "";
			};
			name = Debug;
		};
		8A9909211D890E820096A7FA /* Release */ = {
			isa = XCBuildConfiguration;
			buildSettings = {
				ALWAYS_SEARCH_USER_PATHS = NO;
				CLANG_ANALYZER_NONNULL = YES;
				CLANG_CXX_LANGUAGE_STANDARD = "gnu++0x";
				CLANG_CXX_LIBRARY = "libc++";
				CLANG_ENABLE_MODULES = YES;
				CLANG_ENABLE_OBJC_ARC = YES;
				CLANG_WARN_BOOL_CONVERSION = YES;
				CLANG_WARN_CONSTANT_CONVERSION = YES;
				CLANG_WARN_DIRECT_OBJC_ISA_USAGE = YES_ERROR;
				CLANG_WARN_EMPTY_BODY = YES;
				CLANG_WARN_ENUM_CONVERSION = YES;
				CLANG_WARN_INT_CONVERSION = YES;
				CLANG_WARN_OBJC_ROOT_CLASS = YES_ERROR;
				CLANG_WARN_UNREACHABLE_CODE = YES;
				CLANG_WARN__DUPLICATE_METHOD_MATCH = YES;
				"CODE_SIGN_IDENTITY[sdk=iphoneos*]" = "iPhone Developer";
				COPY_PHASE_STRIP = NO;
				CURRENT_PROJECT_VERSION = 1;
				DEBUG_INFORMATION_FORMAT = "dwarf-with-dsym";
				ENABLE_NS_ASSERTIONS = NO;
				ENABLE_STRICT_OBJC_MSGSEND = YES;
				GCC_C_LANGUAGE_STANDARD = gnu99;
				GCC_NO_COMMON_BLOCKS = YES;
				GCC_WARN_64_TO_32_BIT_CONVERSION = YES;
				GCC_WARN_ABOUT_RETURN_TYPE = YES_ERROR;
				GCC_WARN_UNDECLARED_SELECTOR = YES;
				GCC_WARN_UNINITIALIZED_AUTOS = YES_AGGRESSIVE;
				GCC_WARN_UNUSED_FUNCTION = YES;
				GCC_WARN_UNUSED_VARIABLE = YES;
				IPHONEOS_DEPLOYMENT_TARGET = 9.3;
				MTL_ENABLE_DEBUG_INFO = NO;
				SDKROOT = iphoneos;
				TARGETED_DEVICE_FAMILY = "1,2";
				VALIDATE_PRODUCT = YES;
				VERSIONING_SYSTEM = "apple-generic";
				VERSION_INFO_PREFIX = "";
			};
			name = Release;
		};
		8A9909231D890E820096A7FA /* Debug */ = {
			isa = XCBuildConfiguration;
			baseConfigurationReference = 37B5D33C7D4E7E674C4F0E64 /* Pods-sdk.debug.xcconfig */;
			buildSettings = {
				DYLIB_COMPATIBILITY_VERSION = 1;
				DYLIB_CURRENT_VERSION = 1;
				DYLIB_INSTALL_NAME_BASE = "@rpath";
				INFOPLIST_FILE = sdk/Info.plist;
				INSTALL_PATH = "$(LOCAL_LIBRARY_DIR)/Frameworks";
				LD_RUNPATH_SEARCH_PATHS = "$(inherited) @executable_path/Frameworks @loader_path/Frameworks";
				MODULEMAP_FILE = "";
				PRODUCT_BUNDLE_IDENTIFIER = token.io.sdk;
				PRODUCT_NAME = "$(TARGET_NAME)";
				SKIP_INSTALL = YES;
			};
			name = Debug;
		};
		8A9909241D890E820096A7FA /* Release */ = {
			isa = XCBuildConfiguration;
			baseConfigurationReference = 17987F26F8CA75E8D7FFFCFA /* Pods-sdk.release.xcconfig */;
			buildSettings = {
				DYLIB_COMPATIBILITY_VERSION = 1;
				DYLIB_CURRENT_VERSION = 1;
				DYLIB_INSTALL_NAME_BASE = "@rpath";
				INFOPLIST_FILE = sdk/Info.plist;
				INSTALL_PATH = "$(LOCAL_LIBRARY_DIR)/Frameworks";
				LD_RUNPATH_SEARCH_PATHS = "$(inherited) @executable_path/Frameworks @loader_path/Frameworks";
				MODULEMAP_FILE = "";
				PRODUCT_BUNDLE_IDENTIFIER = token.io.sdk;
				PRODUCT_NAME = "$(TARGET_NAME)";
				SKIP_INSTALL = YES;
			};
			name = Release;
		};
		8A9909261D890E820096A7FA /* Debug */ = {
			isa = XCBuildConfiguration;
			baseConfigurationReference = CF42EC24281AE183D82CB9A5 /* Pods-sdkTests.debug.xcconfig */;
			buildSettings = {
				GCC_PREPROCESSOR_DEFINITIONS = (
					"$(inherited)",
					"COCOAPODS=1",
					"GPB_USE_PROTOBUF_FRAMEWORK_IMPORTS=1",
				);
				INFOPLIST_FILE = sdkTests/Info.plist;
				LD_RUNPATH_SEARCH_PATHS = "$(inherited) @executable_path/Frameworks @loader_path/Frameworks";
				PRODUCT_BUNDLE_IDENTIFIER = token.io.sdkTests;
				PRODUCT_NAME = "$(TARGET_NAME)";
			};
			name = Debug;
		};
		8A9909271D890E820096A7FA /* Release */ = {
			isa = XCBuildConfiguration;
			baseConfigurationReference = 2C88C1E343E1E5719F3A91FD /* Pods-sdkTests.release.xcconfig */;
			buildSettings = {
				GCC_PREPROCESSOR_DEFINITIONS = (
					"$(inherited)",
					"COCOAPODS=1",
					"GPB_USE_PROTOBUF_FRAMEWORK_IMPORTS=1",
				);
				INFOPLIST_FILE = sdkTests/Info.plist;
				LD_RUNPATH_SEARCH_PATHS = "$(inherited) @executable_path/Frameworks @loader_path/Frameworks";
				PRODUCT_BUNDLE_IDENTIFIER = token.io.sdkTests;
				PRODUCT_NAME = "$(TARGET_NAME)";
			};
			name = Release;
		};
/* End XCBuildConfiguration section */

/* Begin XCConfigurationList section */
		8A9909081D890E820096A7FA /* Build configuration list for PBXProject "sdk" */ = {
			isa = XCConfigurationList;
			buildConfigurations = (
				8A9909201D890E820096A7FA /* Debug */,
				8A9909211D890E820096A7FA /* Release */,
			);
			defaultConfigurationIsVisible = 0;
			defaultConfigurationName = Release;
		};
		8A9909221D890E820096A7FA /* Build configuration list for PBXNativeTarget "sdk" */ = {
			isa = XCConfigurationList;
			buildConfigurations = (
				8A9909231D890E820096A7FA /* Debug */,
				8A9909241D890E820096A7FA /* Release */,
			);
			defaultConfigurationIsVisible = 0;
			defaultConfigurationName = Release;
		};
		8A9909251D890E820096A7FA /* Build configuration list for PBXNativeTarget "sdkTests" */ = {
			isa = XCConfigurationList;
			buildConfigurations = (
				8A9909261D890E820096A7FA /* Debug */,
				8A9909271D890E820096A7FA /* Release */,
			);
			defaultConfigurationIsVisible = 0;
			defaultConfigurationName = Release;
		};
/* End XCConfigurationList section */
	};
	rootObject = 8A9909051D890E820096A7FA /* Project object */;
}
