<?xml version="1.0" encoding="UTF-8"?>
<Scheme
   version = "1.3">
   <BuildAction>
      <BuildActionEntries>
         <BuildActionEntry
            buildForRunning = "YES"
            buildForTesting = "YES">
            <BuildableReference
               BuildableIdentifier = "primary"
               BlueprintIdentifier = "8A9909171D890E820096A7FA"
               BuildableName = "sdkTests.xctest"
               BlueprintName = "sdkTests"
               ReferencedContainer = "container:sdk.xcodeproj">
            </BuildableReference>
         </BuildActionEntry>
      </BuildActionEntries>
   </BuildAction>
   <TestAction
      buildConfiguration = "Debug">
      <Testables>
         <TestableReference>
            <BuildableReference
               BuildableIdentifier = "primary"
               BlueprintIdentifier = "8A9909171D890E820096A7FA"
               BuildableName = "sdkTests.xctest"
               BlueprintName = "sdkTests"
               ReferencedContainer = "container:sdk.xcodeproj">
            </BuildableReference>
         </TestableReference>
      </Testables>
   </TestAction>
   <LaunchAction
      useCustomWorkingDirectory = "NO">
      <EnvironmentVariables>
         <EnvironmentVariable
            key = "TOKEN_GATEWAY"
            value = "dev.api.token.io:90"
            isEnabled = "YES">
         </EnvironmentVariable>
         <EnvironmentVariable
            key = "TOKEN_BANK"
            value = "dev.api.token.io:91"
            isEnabled = "YES">
         </EnvironmentVariable>
      </EnvironmentVariables>
   </LaunchAction>
</Scheme>
