PODS:
  - "!ProtoCompiler (3.5.0)":
    - Protobuf (~> 3.0)
  - "!ProtoCompiler-gRPCPlugin (1.8.4)":
    - "!ProtoCompiler (= 3.5.0)"
    - gRPC-ProtoRPC (= 1.8.4)
  - BoringSSL (9.2):
    - BoringSSL/Implementation (= 9.2)
    - BoringSSL/Interface (= 9.2)
  - BoringSSL/Implementation (9.2):
    - BoringSSL/Interface (= 9.2)
  - BoringSSL/Interface (9.2)
  - gRPC (1.8.4):
    - gRPC-RxLibrary (= 1.8.4)
    - gRPC/Main (= 1.8.4)
  - gRPC-Core (1.8.4):
    - gRPC-Core/Implementation (= 1.8.4)
    - gRPC-Core/Interface (= 1.8.4)
  - gRPC-Core/Implementation (1.8.4):
    - BoringSSL (~> 9.0)
    - gRPC-Core/Interface (= 1.8.4)
    - nanopb (~> 0.3)
  - gRPC-Core/Interface (1.8.4)
  - gRPC-ProtoRPC (1.8.4):
    - gRPC (= 1.8.4)
    - gRPC-RxLibrary (= 1.8.4)
    - Protobuf (~> 3.0)
  - gRPC-RxLibrary (1.8.4)
  - gRPC/Main (1.8.4):
    - gRPC-Core (= 1.8.4)
    - gRPC-RxLibrary (= 1.8.4)
  - nanopb (0.3.8):
    - nanopb/decode (= 0.3.8)
    - nanopb/encode (= 0.3.8)
  - nanopb/decode (0.3.8)
  - nanopb/encode (0.3.8)
  - OrderedDictionary (1.4)
  - Protobuf (3.5.0)
  - Unirest (1.1.4)

DEPENDENCIES:
  - "!ProtoCompiler"
  - "!ProtoCompiler-gRPCPlugin"
  - OrderedDictionary
  - Unirest (~> 1.1.4)

SPEC CHECKSUMS:
  "!ProtoCompiler": 3e9dc8340c8f1bbab40aa0f5acb965a4be02f849
  "!ProtoCompiler-gRPCPlugin": ced526b700f57f8609637caa62528250bfd5e2aa
  BoringSSL: f3d6b8ce199b9c450a8cfc14895d07a2627fc232
  gRPC: 572520c17b794362388d5c95396329592a3c199b
  gRPC-Core: af0d4f0a53735e335fccc815c50c0a03da695287
  gRPC-ProtoRPC: 6596fde8d27e0718d7de1de1dc99a951d832a809
  gRPC-RxLibrary: f6b1432a667c3354c7b345affed9886c0d4ff549
  nanopb: 5601e6bca2dbf1ed831b519092ec110f66982ca3
  OrderedDictionary: 138c8d2e358d3a0c9adda15c6c7db24e8e3b09e6
  Protobuf: 8a9838fba8dae3389230e1b7f8c104aa32389c03
  Unirest: 5e4d93eaf32463bf619a4ecd3bbc8c32acf21eac

PODFILE CHECKSUM: 7f6eac6ec151526f9dc0bc7a6f10665bc96d27cf

COCOAPODS: 1.2.1
