PODS:
  - "!ProtoCompiler (3.7.0)":
    - Protobuf (~> 3.0)
  - "!ProtoCompiler-gRPCPlugin (1.20.0)":
    - "!ProtoCompiler (= 3.7.0)"
    - gRPC-ProtoRPC (= 1.20.0)
  - BoringSSL-GRPC (0.0.3):
    - BoringSSL-GRPC/Implementation (= 0.0.3)
    - BoringSSL-GRPC/Interface (= 0.0.3)
  - BoringSSL-GRPC/Implementation (0.0.3):
    - BoringSSL-GRPC/Interface (= 0.0.3)
  - BoringSSL-GRPC/Interface (0.0.3)
  - gRPC (1.20.0):
    - gRPC-RxLibrary (= 1.20.0)
    - gRPC/Main (= 1.20.0)
  - gRPC-Core (1.20.0):
    - gRPC-Core/Implementation (= 1.20.0)
    - gRPC-Core/Interface (= 1.20.0)
  - gRPC-Core/Implementation (1.20.0):
    - BoringSSL-GRPC (= 0.0.3)
    - gRPC-Core/Interface (= 1.20.0)
    - nanopb (~> 0.3)
  - gRPC-Core/Interface (1.20.0)
  - gRPC-ProtoRPC (1.20.0):
    - gRPC-ProtoRPC/Main (= 1.20.0)
  - gRPC-ProtoRPC/Main (1.20.0):
    - gRPC (= 1.20.0)
    - gRPC-RxLibrary (= 1.20.0)
    - Protobuf (~> 3.0)
  - gRPC-RxLibrary (1.20.0)
  - gRPC/Main (1.20.0):
    - gRPC-Core (= 1.20.0)
    - gRPC-RxLibrary (= 1.20.0)
  - nanopb (0.3.901):
    - nanopb/decode (= 0.3.901)
    - nanopb/encode (= 0.3.901)
  - nanopb/decode (0.3.901)
  - nanopb/encode (0.3.901)
  - OrderedDictionary (1.4)
  - Protobuf (3.7.0)
  - Unirest (1.1.4)

DEPENDENCIES:
  - "!ProtoCompiler"
  - "!ProtoCompiler-gRPCPlugin"
  - OrderedDictionary
  - Unirest (~> 1.1.4)

SPEC REPOS:
  https://github.com/cocoapods/specs.git:
    - "!ProtoCompiler"
    - "!ProtoCompiler-gRPCPlugin"
    - BoringSSL-GRPC
    - gRPC
    - gRPC-Core
    - gRPC-ProtoRPC
    - gRPC-RxLibrary
    - nanopb
    - OrderedDictionary
    - Protobuf
    - Unirest

SPEC CHECKSUMS:
  "!ProtoCompiler": efc8ba4dceb16b48f6b366a08500871c8d3ff8d2
  "!ProtoCompiler-gRPCPlugin": 918f34ee4b87b18dca8d1b4ea2f7a178be8596d3
  BoringSSL-GRPC: db8764df3204ccea016e1c8dd15d9a9ad63ff318
  gRPC: d175f32a1f0ff0eafc768e38e8c0b8a9fcbacc65
  gRPC-Core: b247504496d2bdf47e6a87690c0d48f8424b324a
  gRPC-ProtoRPC: d49c7074c6a5e5a9f18f9b5a1c6d94787334bcbe
  gRPC-RxLibrary: 3b5272bfdd136c3bc1383ffdfc210404b5d8400a
  nanopb: 2901f78ea1b7b4015c860c2fdd1ea2fee1a18d48
  OrderedDictionary: 138c8d2e358d3a0c9adda15c6c7db24e8e3b09e6
  Protobuf: 7a877b7f3e5964e3fce995e2eb323dbc6831bb5a
  Unirest: 5e4d93eaf32463bf619a4ecd3bbc8c32acf21eac

PODFILE CHECKSUM: 275159cabe7052051583c9392b63b2f0181d9f31

COCOAPODS: 1.6.1
