PODS:
  - '!ProtoCompiler (3.2.0)':
    - Protobuf (~> 3.0)
  - '!ProtoCompiler-gRPCPlugin (1.3.0)':
    - '!ProtoCompiler (= 3.2.0)'
    - gRPC-ProtoRPC (= 1.3.0)
  - BoringSSL (8.2):
    - BoringSSL/Implementation (= 8.2)
    - BoringSSL/Interface (= 8.2)
  - BoringSSL/Implementation (8.2):
    - BoringSSL/Interface (= 8.2)
  - BoringSSL/Interface (8.2)
  - gRPC (1.3.0):
    - gRPC-Core (= 1.3.0)
    - gRPC-RxLibrary (= 1.3.0)
  - gRPC-Core (1.3.0):
    - gRPC-Core/Implementation (= 1.3.0)
    - gRPC-Core/Interface (= 1.3.0)
  - gRPC-Core/Implementation (1.3.0):
    - BoringSSL (~> 8.0)
    - gRPC-Core/Interface (= 1.3.0)
  - gRPC-Core/Interface (1.3.0)
  - gRPC-ProtoRPC (1.3.0):
    - gRPC (= 1.3.0)
    - gRPC-RxLibrary (= 1.3.0)
    - Protobuf (~> 3.0)
  - gRPC-RxLibrary (1.3.0)
  - OrderedDictionary (1.4)
  - Protobuf (3.3.0)
  - Unirest (1.1.4)

DEPENDENCIES:
  - '!ProtoCompiler'
  - '!ProtoCompiler-gRPCPlugin'
  - OrderedDictionary
  - Unirest (~> 1.1.4)

SPEC CHECKSUMS:
  '!ProtoCompiler': b66c7c0c1d911ad1490dcbfce30e1508739d8309
  '!ProtoCompiler-gRPCPlugin': 315d12febce749552558cbf93cf8eb4ed894777d
  BoringSSL: 4135ae556ee2b82ee85477c39ba917a3dd5424ba
  gRPC: c0d88992a7ceb367eb54afbabf6acdf36a7fd068
  gRPC-Core: d34ea5496af8d9640c38a9a6489557b9c7f58673
  gRPC-ProtoRPC: 9c46d1651690b5853e02f6ebda5aa8007d695193
  gRPC-RxLibrary: 9bc0b8c97518268573846ec846ed0ce50a8792c0
  OrderedDictionary: 138c8d2e358d3a0c9adda15c6c7db24e8e3b09e6
  Protobuf: d582fecf68201eac3d79ed61369ef45734394b9c
  Unirest: 5e4d93eaf32463bf619a4ecd3bbc8c32acf21eac

PODFILE CHECKSUM: 6cc6056c5a5f9729d2891d2a20beda5cdc677d7d

COCOAPODS: 1.2.1
